Microsoft Visual Studio Solution File, Format Version 12.00
# Visual Studio Version 17
VisualStudioVersion = 17.5.2.0
MinimumVisualStudioVersion = 10.0.40219.1
Project("{FAE04EC0-301F-11D3-BF4B-00C04F79EFBC}") = "MedicalDeviceTracking", "MedicalDeviceTracking.csproj", "{802B6A79-4BD3-13A0-1858-8471EC06E4AE}"
EndProject
Global
	GlobalSection(SolutionConfigurationPlatforms) = preSolution
		Debug|Any CPU = Debug|Any CPU
		Release|Any CPU = Release|Any CPU
	EndGlobalSection
	GlobalSection(ProjectConfigurationPlatforms) = postSolution
		{802B6A79-4BD3-13A0-1858-8471EC06E4AE}.Debug|Any CPU.ActiveCfg = Debug|Any CPU
		{802B6A79-4BD3-13A0-1858-8471EC06E4AE}.Debug|Any CPU.Build.0 = Debug|Any CPU
		{802B6A79-4BD3-13A0-1858-8471EC06E4AE}.Release|Any CPU.ActiveCfg = Release|Any CPU
		{802B6A79-4BD3-13A0-1858-8471EC06E4AE}.Release|Any CPU.Build.0 = Release|Any CPU
	EndGlobalSection
	GlobalSection(SolutionProperties) = preSolution
		HideSolutionNode = FALSE
	EndGlobalSection
	GlobalSection(ExtensibilityGlobals) = postSolution
		SolutionGuid = {6BE7FC8D-04BF-4B40-9CA9-4534FC2A64D6}
	EndGlobalSection
EndGlobal
